<Solution>
  <Folder Name="/src/">
    <Project Path="src/MediationAgreementAuditor.App/MediationAgreementAuditor.App.csproj" />
    <Project Path="src/MediationAgreementAuditor.Domain/MediationAgreementAuditor.Domain.csproj" />
  </Folder>
  <Folder Name="/tests/">
    <Project Path="tests/MediationAgreementAuditor.Tests/MediationAgreementAuditor.Tests.csproj" />
  </Folder>
</Solution>
